# @generated by Move, please check-in and do not edit manually.

[move]
version = 2
manifest_digest = "8E526A3CF405136F8D0D7861D67814CDB58DE020CF93B18F3C863997AAF51948"
deps_digest = "F8BBB0CCB2491CA29A3DF03D6F92277A4F3574266507ACD77214D37ECA3F3082"
dependencies = [
  { name = "Sui" },
]

[[move.package]]
name = "MoveStdlib"
source = { git = "https://github.com/MystenLabs/sui.git", rev = "framework/testnet", subdir = "crates\\sui-framework\\packages\\move-stdlib" }

[[move.package]]
name = "Sui"
source = { git = "https://github.com/MystenLabs/sui.git", rev = "framework/testnet", subdir = "crates/sui-framework/packages/sui-framework" }

dependencies = [
  { name = "MoveStdlib" },
]

[move.toolchain-version]
compiler-version = "1.30.1"
edition = "2024.beta"
flavor = "sui"

[env]

[env.testnet]
chain-id = "4c78adac"
original-published-id = "0x4027be97e647e7b3c208fba5617d7321038f6515b05b02355cd332d6bc9b74df"
latest-published-id = "0x4027be97e647e7b3c208fba5617d7321038f6515b05b02355cd332d6bc9b74df"
published-version = "1"
